{
  "name": "repro",
  "version": "1.0.0",
  "lockfileVersion": 3,
  "requires": true,
  "packages": {
    "": {
      "name": "repro",
      "version": "1.0.0",
      "license": "ISC",
      "devDependencies": {
        "typescript": "^4.9.5"
      }
    },
    "node_modules/typescript": {
      "version": "4.9.5",
      "resolved": "https://pkgs.dev.azure.com/dwhomes/66f58fcf-2330-4a0d-80f9-a73ed0ad8dc9/_packaging/dwh/npm/registry/typescript/-/typescript-4.9.5.tgz",
      "integrity": "sha1-CVl5+bzA0J2jJNWNA86Pg3TL5lo=",
      "dev": true,
      "license": "Apache-2.0",
      "bin": {
        "tsc": "bin/tsc",
        "tsserver": "bin/tsserver"
      },
      "engines": {
        "node": ">=4.2.0"
      }
    }
  }
}
